
Microsoft Visual Studio Solution File, Format Version 12.00
Project("{FAE04EC0-301F-11D3-BF4B-00C04F79EFBC}") = "FlorisDeV.BackupApi", "src\services\api\FlorisDeV.BackupApi.csproj", "{657470D8-AB2F-4798-8B89-0282724455F3}"
EndProject
Project("{FAE04EC0-301F-11D3-BF4B-00C04F79EFBC}") = "FlorisDeV.BackupApi.Tests", "tests\services\api\FlorisDeV.BackupApi.Tests.csproj", "{2991D28D-F94D-4D29-8CE0-52BD8A215605}"
EndProject
Project("{E53339B2-1760-4266-BCC7-CA923CBCF16C}") = "docker-compose", "docker-compose.dcproj", "{57F4DD36-24E0-47E8-9A55-3FD91923CD0D}"
EndProject
Project("{2150E333-8FDC-42A3-9474-1A3956D46DE8}") = "src", "src", "{EFDD12E3-84E8-4D37-BF38-00A9C655FD77}"
EndProject
Project("{2150E333-8FDC-42A3-9474-1A3956D46DE8}") = "test", "test", "{F0CF8302-EF4B-47BC-A544-3C2EDDC51399}"
EndProject
Project("{2150E333-8FDC-42A3-9474-1A3956D46DE8}") = "services", "services", "{4EEC91B0-010A-4996-AC76-A57A496F94DA}"
EndProject
Project("{2150E333-8FDC-42A3-9474-1A3956D46DE8}") = "common", "common", "{8DE6DD91-BD93-4A1B-81E7-0C34E6BCCE20}"
EndProject
Project("{2150E333-8FDC-42A3-9474-1A3956D46DE8}") = "services", "services", "{4994A1FE-48E2-4C86-B9A9-D5C84A135317}"
EndProject
Project("{2150E333-8FDC-42A3-9474-1A3956D46DE8}") = "common", "common", "{3C7582FB-39BD-4536-9763-B0D5CF079962}"
EndProject
Project("{FAE04EC0-301F-11D3-BF4B-00C04F79EFBC}") = "FlorisDeV.FeatureFlags", "src\common\featureflags\FlorisDeV.FeatureFlags.csproj", "{92B20B6D-3152-404E-99F9-D6A5EB28CB49}"
EndProject
Project("{FAE04EC0-301F-11D3-BF4B-00C04F79EFBC}") = "FlorisDeV.HealthChecks", "src\common\healthchecks\FlorisDeV.HealthChecks.csproj", "{36F0158C-F609-4717-A5DF-D0E8CA9CFEE5}"
EndProject
Project("{FAE04EC0-301F-11D3-BF4B-00C04F79EFBC}") = "FlorisDeV.Logging", "src\common\logging\FlorisDeV.Logging.csproj", "{E92601E7-7C63-407E-8F44-B3D9D16AD114}"
EndProject
Project("{2150E333-8FDC-42A3-9474-1A3956D46DE8}") = "doc", "doc", "{897BF15F-3C27-438C-B83D-7002F0E6EC13}"
	ProjectSection(SolutionItems) = preProject
		doc\.env.example = doc\.env.example
		doc\README.md = doc\README.md
		doc\TECHNICAL_DESIGN.md = doc\TECHNICAL_DESIGN.md
	EndProjectSection
EndProject
Project("{2150E333-8FDC-42A3-9474-1A3956D46DE8}") = "costs", "costs", "{B965404E-9C8F-4595-BAB5-0E637BB69D25}"
	ProjectSection(SolutionItems) = preProject
		doc\costs\Azure Pricing Calculator.png = doc\costs\Azure Pricing Calculator.png
		doc\costs\ExportedEstimate.xlsx = doc\costs\ExportedEstimate.xlsx
	EndProjectSection
EndProject
Project("{2150E333-8FDC-42A3-9474-1A3956D46DE8}") = "run", "run", "{B043250E-11DB-4955-97BD-F1CE1BA79AE9}"
EndProject
Project("{2150E333-8FDC-42A3-9474-1A3956D46DE8}") = "components", "components", "{DDF31014-917E-4379-854D-11330AA8ACCB}"
	ProjectSection(SolutionItems) = preProject
		run\components\secret-store.yaml = run\components\secret-store.yaml
	EndProjectSection
EndProject
Project("{2150E333-8FDC-42A3-9474-1A3956D46DE8}") = "configuration", "configuration", "{97062AFE-01D1-462B-AB34-5E1F3AE89C0D}"
	ProjectSection(SolutionItems) = preProject
		run\configuration\config.yaml = run\configuration\config.yaml
	EndProjectSection
EndProject
Global
	GlobalSection(SolutionConfigurationPlatforms) = preSolution
		Debug|Any CPU = Debug|Any CPU
		Release|Any CPU = Release|Any CPU
	EndGlobalSection
	GlobalSection(ProjectConfigurationPlatforms) = postSolution
		{2991D28D-F94D-4D29-8CE0-52BD8A215605}.Debug|Any CPU.ActiveCfg = Debug|Any CPU
		{2991D28D-F94D-4D29-8CE0-52BD8A215605}.Debug|Any CPU.Build.0 = Debug|Any CPU
		{2991D28D-F94D-4D29-8CE0-52BD8A215605}.Release|Any CPU.ActiveCfg = Release|Any CPU
		{2991D28D-F94D-4D29-8CE0-52BD8A215605}.Release|Any CPU.Build.0 = Release|Any CPU
		{657470D8-AB2F-4798-8B89-0282724455F3}.Debug|Any CPU.ActiveCfg = Debug|Any CPU
		{657470D8-AB2F-4798-8B89-0282724455F3}.Debug|Any CPU.Build.0 = Debug|Any CPU
		{657470D8-AB2F-4798-8B89-0282724455F3}.Release|Any CPU.ActiveCfg = Release|Any CPU
		{657470D8-AB2F-4798-8B89-0282724455F3}.Release|Any CPU.Build.0 = Release|Any CPU
		{92B20B6D-3152-404E-99F9-D6A5EB28CB49}.Debug|Any CPU.ActiveCfg = Debug|Any CPU
		{92B20B6D-3152-404E-99F9-D6A5EB28CB49}.Debug|Any CPU.Build.0 = Debug|Any CPU
		{92B20B6D-3152-404E-99F9-D6A5EB28CB49}.Release|Any CPU.ActiveCfg = Release|Any CPU
		{92B20B6D-3152-404E-99F9-D6A5EB28CB49}.Release|Any CPU.Build.0 = Release|Any CPU
		{36F0158C-F609-4717-A5DF-D0E8CA9CFEE5}.Debug|Any CPU.ActiveCfg = Debug|Any CPU
		{36F0158C-F609-4717-A5DF-D0E8CA9CFEE5}.Debug|Any CPU.Build.0 = Debug|Any CPU
		{36F0158C-F609-4717-A5DF-D0E8CA9CFEE5}.Release|Any CPU.ActiveCfg = Release|Any CPU
		{36F0158C-F609-4717-A5DF-D0E8CA9CFEE5}.Release|Any CPU.Build.0 = Release|Any CPU
		{E92601E7-7C63-407E-8F44-B3D9D16AD114}.Debug|Any CPU.ActiveCfg = Debug|Any CPU
		{E92601E7-7C63-407E-8F44-B3D9D16AD114}.Debug|Any CPU.Build.0 = Debug|Any CPU
		{E92601E7-7C63-407E-8F44-B3D9D16AD114}.Release|Any CPU.ActiveCfg = Release|Any CPU
		{E92601E7-7C63-407E-8F44-B3D9D16AD114}.Release|Any CPU.Build.0 = Release|Any CPU
	EndGlobalSection
	GlobalSection(NestedProjects) = preSolution
		{4EEC91B0-010A-4996-AC76-A57A496F94DA} = {EFDD12E3-84E8-4D37-BF38-00A9C655FD77}
		{657470D8-AB2F-4798-8B89-0282724455F3} = {4EEC91B0-010A-4996-AC76-A57A496F94DA}
		{8DE6DD91-BD93-4A1B-81E7-0C34E6BCCE20} = {EFDD12E3-84E8-4D37-BF38-00A9C655FD77}
		{4994A1FE-48E2-4C86-B9A9-D5C84A135317} = {F0CF8302-EF4B-47BC-A544-3C2EDDC51399}
		{2991D28D-F94D-4D29-8CE0-52BD8A215605} = {4994A1FE-48E2-4C86-B9A9-D5C84A135317}
		{3C7582FB-39BD-4536-9763-B0D5CF079962} = {F0CF8302-EF4B-47BC-A544-3C2EDDC51399}
		{92B20B6D-3152-404E-99F9-D6A5EB28CB49} = {8DE6DD91-BD93-4A1B-81E7-0C34E6BCCE20}
		{36F0158C-F609-4717-A5DF-D0E8CA9CFEE5} = {8DE6DD91-BD93-4A1B-81E7-0C34E6BCCE20}
		{E92601E7-7C63-407E-8F44-B3D9D16AD114} = {8DE6DD91-BD93-4A1B-81E7-0C34E6BCCE20}
		{B965404E-9C8F-4595-BAB5-0E637BB69D25} = {897BF15F-3C27-438C-B83D-7002F0E6EC13}
		{DDF31014-917E-4379-854D-11330AA8ACCB} = {B043250E-11DB-4955-97BD-F1CE1BA79AE9}
		{97062AFE-01D1-462B-AB34-5E1F3AE89C0D} = {B043250E-11DB-4955-97BD-F1CE1BA79AE9}
	EndGlobalSection
EndGlobal
